
Microsoft Visual Studio Solution File, Format Version 12.00
# Visual Studio Version 16
VisualStudioVersion = 16.0.31624.102
MinimumVisualStudioVersion = 10.0.40219.1
Project("{FAE04EC0-301F-11D3-BF4B-00C04F79EFBC}") = "Clown", "Clown\Clown.csproj", "{33A997B2-B702-4F2A-A9C6-8C22E140737C}"
EndProject
Global
	GlobalSection(SolutionConfigurationPlatforms) = preSolution
		Debug|Any CPU = Debug|Any CPU
		Release|Any CPU = Release|Any CPU
	EndGlobalSection
	GlobalSection(ProjectConfigurationPlatforms) = postSolution
		{33A997B2-B702-4F2A-A9C6-8C22E140737C}.Debug|Any CPU.ActiveCfg = Debug|Any CPU
		{33A997B2-B702-4F2A-A9C6-8C22E140737C}.Debug|Any CPU.Build.0 = Debug|Any CPU
		{33A997B2-B702-4F2A-A9C6-8C22E140737C}.Release|Any CPU.ActiveCfg = Release|Any CPU
		{33A997B2-B702-4F2A-A9C6-8C22E140737C}.Release|Any CPU.Build.0 = Release|Any CPU
	EndGlobalSection
	GlobalSection(SolutionProperties) = preSolution
		HideSolutionNode = FALSE
	EndGlobalSection
	GlobalSection(ExtensibilityGlobals) = postSolution
		SolutionGuid = {5E909D4A-8DD4-497F-94C4-5D39658E7E78}
	EndGlobalSection
EndGlobal
